
Microsoft Visual Studio Solution File, Format Version 12.00
# Visual Studio Version 16
VisualStudioVersion = 16.0.31424.327
MinimumVisualStudioVersion = 10.0.40219.1
Project("{FAE04EC0-301F-11D3-BF4B-00C04F79EFBC}") = "ConsoleApp2", "ConsoleApp2\ConsoleApp2.csproj", "{D21CA3AB-C46C-4581-A39C-421C7CA78D18}"
EndProject
Global
	GlobalSection(SolutionConfigurationPlatforms) = preSolution
		Debug|Any CPU = Debug|Any CPU
		Release|Any CPU = Release|Any CPU
	EndGlobalSection
	GlobalSection(ProjectConfigurationPlatforms) = postSolution
		{D21CA3AB-C46C-4581-A39C-421C7CA78D18}.Debug|Any CPU.ActiveCfg = Debug|Any CPU
		{D21CA3AB-C46C-4581-A39C-421C7CA78D18}.Debug|Any CPU.Build.0 = Debug|Any CPU
		{D21CA3AB-C46C-4581-A39C-421C7CA78D18}.Release|Any CPU.ActiveCfg = Release|Any CPU
		{D21CA3AB-C46C-4581-A39C-421C7CA78D18}.Release|Any CPU.Build.0 = Release|Any CPU
	EndGlobalSection
	GlobalSection(SolutionProperties) = preSolution
		HideSolutionNode = FALSE
	EndGlobalSection
	GlobalSection(ExtensibilityGlobals) = postSolution
		SolutionGuid = {6EA64506-3E5B-4DDB-BB8D-8ECED2D50E66}
	EndGlobalSection
EndGlobal
